
Microsoft Visual Studio Solution File, Format Version 12.00
# Visual Studio Version 17
VisualStudioVersion = 17.11.35431.28
MinimumVisualStudioVersion = 10.0.40219.1
Project("{FAE04EC0-301F-11D3-BF4B-00C04F79EFBC}") = "TestCosmosFunctionApp", "TestCosmosFunctionApp\TestCosmosFunctionApp.csproj", "{D621A8B4-BFC2-4E78-AFD9-EE714C9067D8}"
EndProject
Global
	GlobalSection(SolutionConfigurationPlatforms) = preSolution
		Debug|Any CPU = Debug|Any CPU
		Release|Any CPU = Release|Any CPU
	EndGlobalSection
	GlobalSection(ProjectConfigurationPlatforms) = postSolution
		{D621A8B4-BFC2-4E78-AFD9-EE714C9067D8}.Debug|Any CPU.ActiveCfg = Debug|Any CPU
		{D621A8B4-BFC2-4E78-AFD9-EE714C9067D8}.Debug|Any CPU.Build.0 = Debug|Any CPU
		{D621A8B4-BFC2-4E78-AFD9-EE714C9067D8}.Release|Any CPU.ActiveCfg = Release|Any CPU
		{D621A8B4-BFC2-4E78-AFD9-EE714C9067D8}.Release|Any CPU.Build.0 = Release|Any CPU
	EndGlobalSection
	GlobalSection(SolutionProperties) = preSolution
		HideSolutionNode = FALSE
	EndGlobalSection
	GlobalSection(ExtensibilityGlobals) = postSolution
		SolutionGuid = {83F0BA85-83A3-4FB9-B476-A58E1B797FCB}
	EndGlobalSection
EndGlobal
